
Microsoft Visual Studio Solution File, Format Version 10.00
# Visual C++ Express 2008
Project("{8BC9CEB8-8B4A-11D0-8D11-00A0C91BC942}") = "libfwps", "libfwps\libfwps.vcproj", "{A70996C5-ECC8-488D-917E-DD725D34B9A0}"
	ProjectSection(ProjectDependencies) = postProject
		{BD3A95FA-A3DE-4B79-A889-A7E5ECA4B69C} = {BD3A95FA-A3DE-4B79-A889-A7E5ECA4B69C}
		{8AFAA2C6-E025-4B45-B96F-A27D04C6115A} = {8AFAA2C6-E025-4B45-B96F-A27D04C6115A}
		{B9332DC8-7594-47DF-80C1-38922E0F4DFB} = {B9332DC8-7594-47DF-80C1-38922E0F4DFB}
		{5304AD69-D449-4589-B2C9-E4607E56A51D} = {5304AD69-D449-4589-B2C9-E4607E56A51D}
		{BC27FF34-C859-4A1A-95D6-FC89952E1910} = {BC27FF34-C859-4A1A-95D6-FC89952E1910}
		{25C60507-39C6-4564-912D-DA2E7482A00F} = {25C60507-39C6-4564-912D-DA2E7482A00F}
		{8C13E498-6369-4792-A0CF-B7134C54561B} = {8C13E498-6369-4792-A0CF-B7134C54561B}
		{85798504-AF81-4D65-B527-D2667B638C13} = {85798504-AF81-4D65-B527-D2667B638C13}
	EndProjectSection
EndProject
Project("{8BC9CEB8-8B4A-11D0-8D11-00A0C91BC942}") = "libfole", "libfole\libfole.vcproj", "{85798504-AF81-4D65-B527-D2667B638C13}"
	ProjectSection(ProjectDependencies) = postProject
		{BD3A95FA-A3DE-4B79-A889-A7E5ECA4B69C} = {BD3A95FA-A3DE-4B79-A889-A7E5ECA4B69C}
	EndProjectSection
EndProject
Project("{8BC9CEB8-8B4A-11D0-8D11-00A0C91BC942}") = "libfguid", "libfguid\libfguid.vcproj", "{8C13E498-6369-4792-A0CF-B7134C54561B}"
	ProjectSection(ProjectDependencies) = postProject
		{BD3A95FA-A3DE-4B79-A889-A7E5ECA4B69C} = {BD3A95FA-A3DE-4B79-A889-A7E5ECA4B69C}
	EndProjectSection
EndProject
Project("{8BC9CEB8-8B4A-11D0-8D11-00A0C91BC942}") = "olecf_test_allocation_table", "olecf_test_allocation_table\olecf_test_allocation_table.vcproj", "{F8B5B88C-448A-4922-9F25-2B0242F26FD7}"
	ProjectSection(ProjectDependencies) = postProject
		{CE4D2E19-C7AC-4BCF-ABEC-C4D6C804D3EB} = {CE4D2E19-C7AC-4BCF-ABEC-C4D6C804D3EB}
		{BD3A95FA-A3DE-4B79-A889-A7E5ECA4B69C} = {BD3A95FA-A3DE-4B79-A889-A7E5ECA4B69C}
	EndProjectSection
EndProject
Project("{8BC9CEB8-8B4A-11D0-8D11-00A0C91BC942}") = "olecf_test_directory_entry", "olecf_test_directory_entry\olecf_test_directory_entry.vcproj", "{091DE46F-E60C-4946-83DD-8CDCCEE93D4C}"
	ProjectSection(ProjectDependencies) = postProject
		{CE4D2E19-C7AC-4BCF-ABEC-C4D6C804D3EB} = {CE4D2E19-C7AC-4BCF-ABEC-C4D6C804D3EB}
		{BD3A95FA-A3DE-4B79-A889-A7E5ECA4B69C} = {BD3A95FA-A3DE-4B79-A889-A7E5ECA4B69C}
	EndProjectSection
EndProject
Project("{8BC9CEB8-8B4A-11D0-8D11-00A0C91BC942}") = "olecf_test_error", "olecf_test_error\olecf_test_error.vcproj", "{75003279-0D5C-4D23-8299-9D0BF74E8929}"
	ProjectSection(ProjectDependencies) = postProject
		{CE4D2E19-C7AC-4BCF-ABEC-C4D6C804D3EB} = {CE4D2E19-C7AC-4BCF-ABEC-C4D6C804D3EB}
	EndProjectSection
EndProject
Project("{8BC9CEB8-8B4A-11D0-8D11-00A0C91BC942}") = "olecf_test_file", "olecf_test_file\olecf_test_file.vcproj", "{55698E3F-83B1-4A77-B515-CC869CA3F5A5}"
	ProjectSection(ProjectDependencies) = postProject
		{BC27FF34-C859-4A1A-95D6-FC89952E1910} = {BC27FF34-C859-4A1A-95D6-FC89952E1910}
		{5304AD69-D449-4589-B2C9-E4607E56A51D} = {5304AD69-D449-4589-B2C9-E4607E56A51D}
		{CEDF8919-00B2-4D8A-88CC-84ADB2D2FF89} = {CEDF8919-00B2-4D8A-88CC-84ADB2D2FF89}
		{B9332DC8-7594-47DF-80C1-38922E0F4DFB} = {B9332DC8-7594-47DF-80C1-38922E0F4DFB}
		{CE4D2E19-C7AC-4BCF-ABEC-C4D6C804D3EB} = {CE4D2E19-C7AC-4BCF-ABEC-C4D6C804D3EB}
		{8AFAA2C6-E025-4B45-B96F-A27D04C6115A} = {8AFAA2C6-E025-4B45-B96F-A27D04C6115A}
		{BD3A95FA-A3DE-4B79-A889-A7E5ECA4B69C} = {BD3A95FA-A3DE-4B79-A889-A7E5ECA4B69C}
	EndProjectSection
EndProject
Project("{8BC9CEB8-8B4A-11D0-8D11-00A0C91BC942}") = "olecf_test_io_handle", "olecf_test_io_handle\olecf_test_io_handle.vcproj", "{33CE6164-C652-4106-991D-7867DB12B9E9}"
	ProjectSection(ProjectDependencies) = postProject
		{CE4D2E19-C7AC-4BCF-ABEC-C4D6C804D3EB} = {CE4D2E19-C7AC-4BCF-ABEC-C4D6C804D3EB}
		{BD3A95FA-A3DE-4B79-A889-A7E5ECA4B69C} = {BD3A95FA-A3DE-4B79-A889-A7E5ECA4B69C}
	EndProjectSection
EndProject
Project("{8BC9CEB8-8B4A-11D0-8D11-00A0C91BC942}") = "olecf_test_item", "olecf_test_item\olecf_test_item.vcproj", "{CE7FFAF0-C26B-4BA6-9A15-423281DC9ADB}"
	ProjectSection(ProjectDependencies) = postProject
		{CE4D2E19-C7AC-4BCF-ABEC-C4D6C804D3EB} = {CE4D2E19-C7AC-4BCF-ABEC-C4D6C804D3EB}
		{BD3A95FA-A3DE-4B79-A889-A7E5ECA4B69C} = {BD3A95FA-A3DE-4B79-A889-A7E5ECA4B69C}
	EndProjectSection
EndProject
Project("{8BC9CEB8-8B4A-11D0-8D11-00A0C91BC942}") = "olecf_test_notify", "olecf_test_notify\olecf_test_notify.vcproj", "{A66A16CC-32E3-421D-8544-EDC7DB192D6A}"
	ProjectSection(ProjectDependencies) = postProject
		{CE4D2E19-C7AC-4BCF-ABEC-C4D6C804D3EB} = {CE4D2E19-C7AC-4BCF-ABEC-C4D6C804D3EB}
	EndProjectSection
EndProject
Project("{8BC9CEB8-8B4A-11D0-8D11-00A0C91BC942}") = "olecf_test_property_section", "olecf_test_property_section\olecf_test_property_section.vcproj", "{7D2CB576-7E68-4228-99D7-8FF2C6287F89}"
	ProjectSection(ProjectDependencies) = postProject
		{CE4D2E19-C7AC-4BCF-ABEC-C4D6C804D3EB} = {CE4D2E19-C7AC-4BCF-ABEC-C4D6C804D3EB}
		{BD3A95FA-A3DE-4B79-A889-A7E5ECA4B69C} = {BD3A95FA-A3DE-4B79-A889-A7E5ECA4B69C}
	EndProjectSection
EndProject
Project("{8BC9CEB8-8B4A-11D0-8D11-00A0C91BC942}") = "olecf_test_property_set", "olecf_test_property_set\olecf_test_property_set.vcproj", "{15C46B3F-BA2A-4B67-A5BB-D94594C48E33}"
	ProjectSection(ProjectDependencies) = postProject
		{CE4D2E19-C7AC-4BCF-ABEC-C4D6C804D3EB} = {CE4D2E19-C7AC-4BCF-ABEC-C4D6C804D3EB}
		{BD3A95FA-A3DE-4B79-A889-A7E5ECA4B69C} = {BD3A95FA-A3DE-4B79-A889-A7E5ECA4B69C}
	EndProjectSection
EndProject
Project("{8BC9CEB8-8B4A-11D0-8D11-00A0C91BC942}") = "olecf_test_property_value", "olecf_test_property_value\olecf_test_property_value.vcproj", "{14D5613B-960F-47DC-92F0-B99986B27600}"
	ProjectSection(ProjectDependencies) = postProject
		{CE4D2E19-C7AC-4BCF-ABEC-C4D6C804D3EB} = {CE4D2E19-C7AC-4BCF-ABEC-C4D6C804D3EB}
		{BD3A95FA-A3DE-4B79-A889-A7E5ECA4B69C} = {BD3A95FA-A3DE-4B79-A889-A7E5ECA4B69C}
	EndProjectSection
EndProject
Project("{8BC9CEB8-8B4A-11D0-8D11-00A0C91BC942}") = "olecf_test_support", "olecf_test_support\olecf_test_support.vcproj", "{7D1809E6-697E-4EF4-BA0E-29958DB51092}"
	ProjectSection(ProjectDependencies) = postProject
		{41CFAFBF-A1C8-4704-AFEF-31979E6452B9} = {41CFAFBF-A1C8-4704-AFEF-31979E6452B9}
		{3FFB9C05-1145-45A7-9ADE-5C8D70FBD7CA} = {3FFB9C05-1145-45A7-9ADE-5C8D70FBD7CA}
		{4C93BDD3-1804-47F3-9B34-F2DE0CAE1AE0} = {4C93BDD3-1804-47F3-9B34-F2DE0CAE1AE0}
		{BC27FF34-C859-4A1A-95D6-FC89952E1910} = {BC27FF34-C859-4A1A-95D6-FC89952E1910}
		{5304AD69-D449-4589-B2C9-E4607E56A51D} = {5304AD69-D449-4589-B2C9-E4607E56A51D}
		{CEDF8919-00B2-4D8A-88CC-84ADB2D2FF89} = {CEDF8919-00B2-4D8A-88CC-84ADB2D2FF89}
		{B9332DC8-7594-47DF-80C1-38922E0F4DFB} = {B9332DC8-7594-47DF-80C1-38922E0F4DFB}
		{CE4D2E19-C7AC-4BCF-ABEC-C4D6C804D3EB} = {CE4D2E19-C7AC-4BCF-ABEC-C4D6C804D3EB}
		{BD3A95FA-A3DE-4B79-A889-A7E5ECA4B69C} = {BD3A95FA-A3DE-4B79-A889-A7E5ECA4B69C}
	EndProjectSection
EndProject
Project("{8BC9CEB8-8B4A-11D0-8D11-00A0C91BC942}") = "libclocale", "libclocale\libclocale.vcproj", "{CEDF8919-00B2-4D8A-88CC-84ADB2D2FF89}"
	ProjectSection(ProjectDependencies) = postProject
		{BD3A95FA-A3DE-4B79-A889-A7E5ECA4B69C} = {BD3A95FA-A3DE-4B79-A889-A7E5ECA4B69C}
	EndProjectSection
EndProject
Project("{8BC9CEB8-8B4A-11D0-8D11-00A0C91BC942}") = "libbfio", "libbfio\libbfio.vcproj", "{41CFAFBF-A1C8-4704-AFEF-31979E6452B9}"
	ProjectSection(ProjectDependencies) = postProject
		{BD3A95FA-A3DE-4B79-A889-A7E5ECA4B69C} = {BD3A95FA-A3DE-4B79-A889-A7E5ECA4B69C}
		{8AFAA2C6-E025-4B45-B96F-A27D04C6115A} = {8AFAA2C6-E025-4B45-B96F-A27D04C6115A}
		{CEDF8919-00B2-4D8A-88CC-84ADB2D2FF89} = {CEDF8919-00B2-4D8A-88CC-84ADB2D2FF89}
		{5304AD69-D449-4589-B2C9-E4607E56A51D} = {5304AD69-D449-4589-B2C9-E4607E56A51D}
		{B9332DC8-7594-47DF-80C1-38922E0F4DFB} = {B9332DC8-7594-47DF-80C1-38922E0F4DFB}
		{B86FB73A-4ACC-42DE-9545-586D93955B06} = {B86FB73A-4ACC-42DE-9545-586D93955B06}
		{4C93BDD3-1804-47F3-9B34-F2DE0CAE1AE0} = {4C93BDD3-1804-47F3-9B34-F2DE0CAE1AE0}
		{3FFB9C05-1145-45A7-9ADE-5C8D70FBD7CA} = {3FFB9C05-1145-45A7-9ADE-5C8D70FBD7CA}
		{BC27FF34-C859-4A1A-95D6-FC89952E1910} = {BC27FF34-C859-4A1A-95D6-FC89952E1910}
	EndProjectSection
EndProject
Project("{8BC9CEB8-8B4A-11D0-8D11-00A0C91BC942}") = "libolecf", "libolecf\libolecf.vcproj", "{CE4D2E19-C7AC-4BCF-ABEC-C4D6C804D3EB}"
	ProjectSection(ProjectDependencies) = postProject
		{BD3A95FA-A3DE-4B79-A889-A7E5ECA4B69C} = {BD3A95FA-A3DE-4B79-A889-A7E5ECA4B69C}
		{8AFAA2C6-E025-4B45-B96F-A27D04C6115A} = {8AFAA2C6-E025-4B45-B96F-A27D04C6115A}
		{B9332DC8-7594-47DF-80C1-38922E0F4DFB} = {B9332DC8-7594-47DF-80C1-38922E0F4DFB}
		{CEDF8919-00B2-4D8A-88CC-84ADB2D2FF89} = {CEDF8919-00B2-4D8A-88CC-84ADB2D2FF89}
		{5304AD69-D449-4589-B2C9-E4607E56A51D} = {5304AD69-D449-4589-B2C9-E4607E56A51D}
		{B86FB73A-4ACC-42DE-9545-586D93955B06} = {B86FB73A-4ACC-42DE-9545-586D93955B06}
		{BC27FF34-C859-4A1A-95D6-FC89952E1910} = {BC27FF34-C859-4A1A-95D6-FC89952E1910}
		{4C93BDD3-1804-47F3-9B34-F2DE0CAE1AE0} = {4C93BDD3-1804-47F3-9B34-F2DE0CAE1AE0}
		{3FFB9C05-1145-45A7-9ADE-5C8D70FBD7CA} = {3FFB9C05-1145-45A7-9ADE-5C8D70FBD7CA}
		{41CFAFBF-A1C8-4704-AFEF-31979E6452B9} = {41CFAFBF-A1C8-4704-AFEF-31979E6452B9}
		{25C60507-39C6-4564-912D-DA2E7482A00F} = {25C60507-39C6-4564-912D-DA2E7482A00F}
		{8C13E498-6369-4792-A0CF-B7134C54561B} = {8C13E498-6369-4792-A0CF-B7134C54561B}
		{85798504-AF81-4D65-B527-D2667B638C13} = {85798504-AF81-4D65-B527-D2667B638C13}
		{85005D62-6AA7-4D8A-86CB-4061B23D7C6C} = {85005D62-6AA7-4D8A-86CB-4061B23D7C6C}
		{A70996C5-ECC8-488D-917E-DD725D34B9A0} = {A70996C5-ECC8-488D-917E-DD725D34B9A0}
	EndProjectSection
EndProject
Project("{8BC9CEB8-8B4A-11D0-8D11-00A0C91BC942}") = "pyolecf", "pyolecf\pyolecf.vcproj", "{E221DB4C-B254-47CB-993D-DC7FED580DA1}"
	ProjectSection(ProjectDependencies) = postProject
		{BD3A95FA-A3DE-4B79-A889-A7E5ECA4B69C} = {BD3A95FA-A3DE-4B79-A889-A7E5ECA4B69C}
		{CE4D2E19-C7AC-4BCF-ABEC-C4D6C804D3EB} = {CE4D2E19-C7AC-4BCF-ABEC-C4D6C804D3EB}
		{B9332DC8-7594-47DF-80C1-38922E0F4DFB} = {B9332DC8-7594-47DF-80C1-38922E0F4DFB}
		{CEDF8919-00B2-4D8A-88CC-84ADB2D2FF89} = {CEDF8919-00B2-4D8A-88CC-84ADB2D2FF89}
		{B86FB73A-4ACC-42DE-9545-586D93955B06} = {B86FB73A-4ACC-42DE-9545-586D93955B06}
		{BC27FF34-C859-4A1A-95D6-FC89952E1910} = {BC27FF34-C859-4A1A-95D6-FC89952E1910}
		{4C93BDD3-1804-47F3-9B34-F2DE0CAE1AE0} = {4C93BDD3-1804-47F3-9B34-F2DE0CAE1AE0}
		{3FFB9C05-1145-45A7-9ADE-5C8D70FBD7CA} = {3FFB9C05-1145-45A7-9ADE-5C8D70FBD7CA}
		{41CFAFBF-A1C8-4704-AFEF-31979E6452B9} = {41CFAFBF-A1C8-4704-AFEF-31979E6452B9}
		{8C13E498-6369-4792-A0CF-B7134C54561B} = {8C13E498-6369-4792-A0CF-B7134C54561B}
	EndProjectSection
EndProject
Project("{8BC9CEB8-8B4A-11D0-8D11-00A0C91BC942}") = "libfdatetime", "libfdatetime\libfdatetime.vcproj", "{25C60507-39C6-4564-912D-DA2E7482A00F}"
	ProjectSection(ProjectDependencies) = postProject
		{BD3A95FA-A3DE-4B79-A889-A7E5ECA4B69C} = {BD3A95FA-A3DE-4B79-A889-A7E5ECA4B69C}
	EndProjectSection
EndProject
Project("{8BC9CEB8-8B4A-11D0-8D11-00A0C91BC942}") = "libcfile", "libcfile\libcfile.vcproj", "{4C93BDD3-1804-47F3-9B34-F2DE0CAE1AE0}"
	ProjectSection(ProjectDependencies) = postProject
		{BD3A95FA-A3DE-4B79-A889-A7E5ECA4B69C} = {BD3A95FA-A3DE-4B79-A889-A7E5ECA4B69C}
		{CEDF8919-00B2-4D8A-88CC-84ADB2D2FF89} = {CEDF8919-00B2-4D8A-88CC-84ADB2D2FF89}
		{5304AD69-D449-4589-B2C9-E4607E56A51D} = {5304AD69-D449-4589-B2C9-E4607E56A51D}
		{BC27FF34-C859-4A1A-95D6-FC89952E1910} = {BC27FF34-C859-4A1A-95D6-FC89952E1910}
	EndProjectSection
EndProject
Project("{8BC9CEB8-8B4A-11D0-8D11-00A0C91BC942}") = "libcthreads", "libcthreads\libcthreads.vcproj", "{8AFAA2C6-E025-4B45-B96F-A27D04C6115A}"
	ProjectSection(ProjectDependencies) = postProject
		{BD3A95FA-A3DE-4B79-A889-A7E5ECA4B69C} = {BD3A95FA-A3DE-4B79-A889-A7E5ECA4B69C}
	EndProjectSection
EndProject
Project("{8BC9CEB8-8B4A-11D0-8D11-00A0C91BC942}") = "libcpath", "libcpath\libcpath.vcproj", "{3FFB9C05-1145-45A7-9ADE-5C8D70FBD7CA}"
	ProjectSection(ProjectDependencies) = postProject
		{BD3A95FA-A3DE-4B79-A889-A7E5ECA4B69C} = {BD3A95FA-A3DE-4B79-A889-A7E5ECA4B69C}
		{CEDF8919-00B2-4D8A-88CC-84ADB2D2FF89} = {CEDF8919-00B2-4D8A-88CC-84ADB2D2FF89}
		{B86FB73A-4ACC-42DE-9545-586D93955B06} = {B86FB73A-4ACC-42DE-9545-586D93955B06}
		{BC27FF34-C859-4A1A-95D6-FC89952E1910} = {BC27FF34-C859-4A1A-95D6-FC89952E1910}
	EndProjectSection
EndProject
Project("{8BC9CEB8-8B4A-11D0-8D11-00A0C91BC942}") = "libuna", "libuna\libuna.vcproj", "{BC27FF34-C859-4A1A-95D6-FC89952E1910}"
	ProjectSection(ProjectDependencies) = postProject
		{BD3A95FA-A3DE-4B79-A889-A7E5ECA4B69C} = {BD3A95FA-A3DE-4B79-A889-A7E5ECA4B69C}
	EndProjectSection
EndProject
Project("{8BC9CEB8-8B4A-11D0-8D11-00A0C91BC942}") = "libfvalue", "libfvalue\libfvalue.vcproj", "{85005D62-6AA7-4D8A-86CB-4061B23D7C6C}"
	ProjectSection(ProjectDependencies) = postProject
		{BD3A95FA-A3DE-4B79-A889-A7E5ECA4B69C} = {BD3A95FA-A3DE-4B79-A889-A7E5ECA4B69C}
		{8AFAA2C6-E025-4B45-B96F-A27D04C6115A} = {8AFAA2C6-E025-4B45-B96F-A27D04C6115A}
		{B9332DC8-7594-47DF-80C1-38922E0F4DFB} = {B9332DC8-7594-47DF-80C1-38922E0F4DFB}
		{5304AD69-D449-4589-B2C9-E4607E56A51D} = {5304AD69-D449-4589-B2C9-E4607E56A51D}
		{BC27FF34-C859-4A1A-95D6-FC89952E1910} = {BC27FF34-C859-4A1A-95D6-FC89952E1910}
		{25C60507-39C6-4564-912D-DA2E7482A00F} = {25C60507-39C6-4564-912D-DA2E7482A00F}
		{8C13E498-6369-4792-A0CF-B7134C54561B} = {8C13E498-6369-4792-A0CF-B7134C54561B}
	EndProjectSection
EndProject
Project("{8BC9CEB8-8B4A-11D0-8D11-00A0C91BC942}") = "libcerror", "libcerror\libcerror.vcproj", "{BD3A95FA-A3DE-4B79-A889-A7E5ECA4B69C}"
EndProject
Project("{8BC9CEB8-8B4A-11D0-8D11-00A0C91BC942}") = "libcnotify", "libcnotify\libcnotify.vcproj", "{5304AD69-D449-4589-B2C9-E4607E56A51D}"
	ProjectSection(ProjectDependencies) = postProject
		{BD3A95FA-A3DE-4B79-A889-A7E5ECA4B69C} = {BD3A95FA-A3DE-4B79-A889-A7E5ECA4B69C}
	EndProjectSection
EndProject
Project("{8BC9CEB8-8B4A-11D0-8D11-00A0C91BC942}") = "olecfexport", "olecfexport\olecfexport.vcproj", "{6B758D1D-FE05-49C6-836B-9B8AC8DC4FCD}"
	ProjectSection(ProjectDependencies) = postProject
		{3FFB9C05-1145-45A7-9ADE-5C8D70FBD7CA} = {3FFB9C05-1145-45A7-9ADE-5C8D70FBD7CA}
		{4C93BDD3-1804-47F3-9B34-F2DE0CAE1AE0} = {4C93BDD3-1804-47F3-9B34-F2DE0CAE1AE0}
		{BC27FF34-C859-4A1A-95D6-FC89952E1910} = {BC27FF34-C859-4A1A-95D6-FC89952E1910}
		{B86FB73A-4ACC-42DE-9545-586D93955B06} = {B86FB73A-4ACC-42DE-9545-586D93955B06}
		{5304AD69-D449-4589-B2C9-E4607E56A51D} = {5304AD69-D449-4589-B2C9-E4607E56A51D}
		{CEDF8919-00B2-4D8A-88CC-84ADB2D2FF89} = {CEDF8919-00B2-4D8A-88CC-84ADB2D2FF89}
		{CE4D2E19-C7AC-4BCF-ABEC-C4D6C804D3EB} = {CE4D2E19-C7AC-4BCF-ABEC-C4D6C804D3EB}
		{BD3A95FA-A3DE-4B79-A889-A7E5ECA4B69C} = {BD3A95FA-A3DE-4B79-A889-A7E5ECA4B69C}
	EndProjectSection
EndProject
Project("{8BC9CEB8-8B4A-11D0-8D11-00A0C91BC942}") = "olecfinfo", "olecfinfo\olecfinfo.vcproj", "{A7545354-5D50-49F6-A3D0-1F97F6228955}"
	ProjectSection(ProjectDependencies) = postProject
		{85798504-AF81-4D65-B527-D2667B638C13} = {85798504-AF81-4D65-B527-D2667B638C13}
		{8C13E498-6369-4792-A0CF-B7134C54561B} = {8C13E498-6369-4792-A0CF-B7134C54561B}
		{25C60507-39C6-4564-912D-DA2E7482A00F} = {25C60507-39C6-4564-912D-DA2E7482A00F}
		{BC27FF34-C859-4A1A-95D6-FC89952E1910} = {BC27FF34-C859-4A1A-95D6-FC89952E1910}
		{5304AD69-D449-4589-B2C9-E4607E56A51D} = {5304AD69-D449-4589-B2C9-E4607E56A51D}
		{CEDF8919-00B2-4D8A-88CC-84ADB2D2FF89} = {CEDF8919-00B2-4D8A-88CC-84ADB2D2FF89}
		{CE4D2E19-C7AC-4BCF-ABEC-C4D6C804D3EB} = {CE4D2E19-C7AC-4BCF-ABEC-C4D6C804D3EB}
		{BD3A95FA-A3DE-4B79-A889-A7E5ECA4B69C} = {BD3A95FA-A3DE-4B79-A889-A7E5ECA4B69C}
	EndProjectSection
EndProject
Project("{8BC9CEB8-8B4A-11D0-8D11-00A0C91BC942}") = "olecfmount", "olecfmount\olecfmount.vcproj", "{0555E856-7514-4211-A6E9-DF6A43C04023}"
	ProjectSection(ProjectDependencies) = postProject
		{BDE8F593-3657-4F76-A3DF-28CA30438464} = {BDE8F593-3657-4F76-A3DF-28CA30438464}
		{5304AD69-D449-4589-B2C9-E4607E56A51D} = {5304AD69-D449-4589-B2C9-E4607E56A51D}
		{CEDF8919-00B2-4D8A-88CC-84ADB2D2FF89} = {CEDF8919-00B2-4D8A-88CC-84ADB2D2FF89}
		{CE4D2E19-C7AC-4BCF-ABEC-C4D6C804D3EB} = {CE4D2E19-C7AC-4BCF-ABEC-C4D6C804D3EB}
		{BD3A95FA-A3DE-4B79-A889-A7E5ECA4B69C} = {BD3A95FA-A3DE-4B79-A889-A7E5ECA4B69C}
	EndProjectSection
EndProject
Project("{8BC9CEB8-8B4A-11D0-8D11-00A0C91BC942}") = "libcdata", "libcdata\libcdata.vcproj", "{B9332DC8-7594-47DF-80C1-38922E0F4DFB}"
	ProjectSection(ProjectDependencies) = postProject
		{BD3A95FA-A3DE-4B79-A889-A7E5ECA4B69C} = {BD3A95FA-A3DE-4B79-A889-A7E5ECA4B69C}
		{8AFAA2C6-E025-4B45-B96F-A27D04C6115A} = {8AFAA2C6-E025-4B45-B96F-A27D04C6115A}
	EndProjectSection
EndProject
Project("{8BC9CEB8-8B4A-11D0-8D11-00A0C91BC942}") = "libcsplit", "libcsplit\libcsplit.vcproj", "{B86FB73A-4ACC-42DE-9545-586D93955B06}"
	ProjectSection(ProjectDependencies) = postProject
		{BD3A95FA-A3DE-4B79-A889-A7E5ECA4B69C} = {BD3A95FA-A3DE-4B79-A889-A7E5ECA4B69C}
	EndProjectSection
EndProject
Project("{8BC9CEB8-8B4A-11D0-8D11-00A0C91BC942}") = "dokan", "dokan\dokan.vcproj", "{BDE8F593-3657-4F76-A3DF-28CA30438464}"
EndProject
Global
	GlobalSection(SolutionConfigurationPlatforms) = preSolution
		Release|Win32 = Release|Win32
		VSDebug|Win32 = VSDebug|Win32
	EndGlobalSection
	GlobalSection(ProjectConfigurationPlatforms) = postSolution
		{A70996C5-ECC8-488D-917E-DD725D34B9A0}.Release|Win32.ActiveCfg = Release|Win32
		{A70996C5-ECC8-488D-917E-DD725D34B9A0}.Release|Win32.Build.0 = Release|Win32
		{A70996C5-ECC8-488D-917E-DD725D34B9A0}.VSDebug|Win32.ActiveCfg = VSDebug|Win32
		{A70996C5-ECC8-488D-917E-DD725D34B9A0}.VSDebug|Win32.Build.0 = VSDebug|Win32
		{85798504-AF81-4D65-B527-D2667B638C13}.Release|Win32.ActiveCfg = Release|Win32
		{85798504-AF81-4D65-B527-D2667B638C13}.Release|Win32.Build.0 = Release|Win32
		{85798504-AF81-4D65-B527-D2667B638C13}.VSDebug|Win32.ActiveCfg = VSDebug|Win32
		{85798504-AF81-4D65-B527-D2667B638C13}.VSDebug|Win32.Build.0 = VSDebug|Win32
		{8C13E498-6369-4792-A0CF-B7134C54561B}.Release|Win32.ActiveCfg = Release|Win32
		{8C13E498-6369-4792-A0CF-B7134C54561B}.Release|Win32.Build.0 = Release|Win32
		{8C13E498-6369-4792-A0CF-B7134C54561B}.VSDebug|Win32.ActiveCfg = VSDebug|Win32
		{8C13E498-6369-4792-A0CF-B7134C54561B}.VSDebug|Win32.Build.0 = VSDebug|Win32
		{F8B5B88C-448A-4922-9F25-2B0242F26FD7}.Release|Win32.ActiveCfg = Release|Win32
		{F8B5B88C-448A-4922-9F25-2B0242F26FD7}.Release|Win32.Build.0 = Release|Win32
		{F8B5B88C-448A-4922-9F25-2B0242F26FD7}.VSDebug|Win32.ActiveCfg = VSDebug|Win32
		{F8B5B88C-448A-4922-9F25-2B0242F26FD7}.VSDebug|Win32.Build.0 = VSDebug|Win32
		{091DE46F-E60C-4946-83DD-8CDCCEE93D4C}.Release|Win32.ActiveCfg = Release|Win32
		{091DE46F-E60C-4946-83DD-8CDCCEE93D4C}.Release|Win32.Build.0 = Release|Win32
		{091DE46F-E60C-4946-83DD-8CDCCEE93D4C}.VSDebug|Win32.ActiveCfg = VSDebug|Win32
		{091DE46F-E60C-4946-83DD-8CDCCEE93D4C}.VSDebug|Win32.Build.0 = VSDebug|Win32
		{75003279-0D5C-4D23-8299-9D0BF74E8929}.Release|Win32.ActiveCfg = Release|Win32
		{75003279-0D5C-4D23-8299-9D0BF74E8929}.Release|Win32.Build.0 = Release|Win32
		{75003279-0D5C-4D23-8299-9D0BF74E8929}.VSDebug|Win32.ActiveCfg = VSDebug|Win32
		{75003279-0D5C-4D23-8299-9D0BF74E8929}.VSDebug|Win32.Build.0 = VSDebug|Win32
		{55698E3F-83B1-4A77-B515-CC869CA3F5A5}.Release|Win32.ActiveCfg = Release|Win32
		{55698E3F-83B1-4A77-B515-CC869CA3F5A5}.Release|Win32.Build.0 = Release|Win32
		{55698E3F-83B1-4A77-B515-CC869CA3F5A5}.VSDebug|Win32.ActiveCfg = VSDebug|Win32
		{55698E3F-83B1-4A77-B515-CC869CA3F5A5}.VSDebug|Win32.Build.0 = VSDebug|Win32
		{33CE6164-C652-4106-991D-7867DB12B9E9}.Release|Win32.ActiveCfg = Release|Win32
		{33CE6164-C652-4106-991D-7867DB12B9E9}.Release|Win32.Build.0 = Release|Win32
		{33CE6164-C652-4106-991D-7867DB12B9E9}.VSDebug|Win32.ActiveCfg = VSDebug|Win32
		{33CE6164-C652-4106-991D-7867DB12B9E9}.VSDebug|Win32.Build.0 = VSDebug|Win32
		{CE7FFAF0-C26B-4BA6-9A15-423281DC9ADB}.Release|Win32.ActiveCfg = Release|Win32
		{CE7FFAF0-C26B-4BA6-9A15-423281DC9ADB}.Release|Win32.Build.0 = Release|Win32
		{CE7FFAF0-C26B-4BA6-9A15-423281DC9ADB}.VSDebug|Win32.ActiveCfg = VSDebug|Win32
		{CE7FFAF0-C26B-4BA6-9A15-423281DC9ADB}.VSDebug|Win32.Build.0 = VSDebug|Win32
		{A66A16CC-32E3-421D-8544-EDC7DB192D6A}.Release|Win32.ActiveCfg = Release|Win32
		{A66A16CC-32E3-421D-8544-EDC7DB192D6A}.Release|Win32.Build.0 = Release|Win32
		{A66A16CC-32E3-421D-8544-EDC7DB192D6A}.VSDebug|Win32.ActiveCfg = VSDebug|Win32
		{A66A16CC-32E3-421D-8544-EDC7DB192D6A}.VSDebug|Win32.Build.0 = VSDebug|Win32
		{7D2CB576-7E68-4228-99D7-8FF2C6287F89}.Release|Win32.ActiveCfg = Release|Win32
		{7D2CB576-7E68-4228-99D7-8FF2C6287F89}.Release|Win32.Build.0 = Release|Win32
		{7D2CB576-7E68-4228-99D7-8FF2C6287F89}.VSDebug|Win32.ActiveCfg = VSDebug|Win32
		{7D2CB576-7E68-4228-99D7-8FF2C6287F89}.VSDebug|Win32.Build.0 = VSDebug|Win32
		{15C46B3F-BA2A-4B67-A5BB-D94594C48E33}.Release|Win32.ActiveCfg = Release|Win32
		{15C46B3F-BA2A-4B67-A5BB-D94594C48E33}.Release|Win32.Build.0 = Release|Win32
		{15C46B3F-BA2A-4B67-A5BB-D94594C48E33}.VSDebug|Win32.ActiveCfg = VSDebug|Win32
		{15C46B3F-BA2A-4B67-A5BB-D94594C48E33}.VSDebug|Win32.Build.0 = VSDebug|Win32
		{14D5613B-960F-47DC-92F0-B99986B27600}.Release|Win32.ActiveCfg = Release|Win32
		{14D5613B-960F-47DC-92F0-B99986B27600}.Release|Win32.Build.0 = Release|Win32
		{14D5613B-960F-47DC-92F0-B99986B27600}.VSDebug|Win32.ActiveCfg = VSDebug|Win32
		{14D5613B-960F-47DC-92F0-B99986B27600}.VSDebug|Win32.Build.0 = VSDebug|Win32
		{7D1809E6-697E-4EF4-BA0E-29958DB51092}.Release|Win32.ActiveCfg = Release|Win32
		{7D1809E6-697E-4EF4-BA0E-29958DB51092}.Release|Win32.Build.0 = Release|Win32
		{7D1809E6-697E-4EF4-BA0E-29958DB51092}.VSDebug|Win32.ActiveCfg = VSDebug|Win32
		{7D1809E6-697E-4EF4-BA0E-29958DB51092}.VSDebug|Win32.Build.0 = VSDebug|Win32
		{CEDF8919-00B2-4D8A-88CC-84ADB2D2FF89}.Release|Win32.ActiveCfg = Release|Win32
		{CEDF8919-00B2-4D8A-88CC-84ADB2D2FF89}.Release|Win32.Build.0 = Release|Win32
		{CEDF8919-00B2-4D8A-88CC-84ADB2D2FF89}.VSDebug|Win32.ActiveCfg = VSDebug|Win32
		{CEDF8919-00B2-4D8A-88CC-84ADB2D2FF89}.VSDebug|Win32.Build.0 = VSDebug|Win32
		{41CFAFBF-A1C8-4704-AFEF-31979E6452B9}.Release|Win32.ActiveCfg = Release|Win32
		{41CFAFBF-A1C8-4704-AFEF-31979E6452B9}.Release|Win32.Build.0 = Release|Win32
		{41CFAFBF-A1C8-4704-AFEF-31979E6452B9}.VSDebug|Win32.ActiveCfg = VSDebug|Win32
		{41CFAFBF-A1C8-4704-AFEF-31979E6452B9}.VSDebug|Win32.Build.0 = VSDebug|Win32
		{CE4D2E19-C7AC-4BCF-ABEC-C4D6C804D3EB}.Release|Win32.ActiveCfg = Release|Win32
		{CE4D2E19-C7AC-4BCF-ABEC-C4D6C804D3EB}.Release|Win32.Build.0 = Release|Win32
		{CE4D2E19-C7AC-4BCF-ABEC-C4D6C804D3EB}.VSDebug|Win32.ActiveCfg = VSDebug|Win32
		{CE4D2E19-C7AC-4BCF-ABEC-C4D6C804D3EB}.VSDebug|Win32.Build.0 = VSDebug|Win32
		{E221DB4C-B254-47CB-993D-DC7FED580DA1}.Release|Win32.ActiveCfg = Release|Win32
		{E221DB4C-B254-47CB-993D-DC7FED580DA1}.Release|Win32.Build.0 = Release|Win32
		{E221DB4C-B254-47CB-993D-DC7FED580DA1}.VSDebug|Win32.ActiveCfg = VSDebug|Win32
		{E221DB4C-B254-47CB-993D-DC7FED580DA1}.VSDebug|Win32.Build.0 = VSDebug|Win32
		{25C60507-39C6-4564-912D-DA2E7482A00F}.Release|Win32.ActiveCfg = Release|Win32
		{25C60507-39C6-4564-912D-DA2E7482A00F}.Release|Win32.Build.0 = Release|Win32
		{25C60507-39C6-4564-912D-DA2E7482A00F}.VSDebug|Win32.ActiveCfg = VSDebug|Win32
		{25C60507-39C6-4564-912D-DA2E7482A00F}.VSDebug|Win32.Build.0 = VSDebug|Win32
		{4C93BDD3-1804-47F3-9B34-F2DE0CAE1AE0}.Release|Win32.ActiveCfg = Release|Win32
		{4C93BDD3-1804-47F3-9B34-F2DE0CAE1AE0}.Release|Win32.Build.0 = Release|Win32
		{4C93BDD3-1804-47F3-9B34-F2DE0CAE1AE0}.VSDebug|Win32.ActiveCfg = VSDebug|Win32
		{4C93BDD3-1804-47F3-9B34-F2DE0CAE1AE0}.VSDebug|Win32.Build.0 = VSDebug|Win32
		{8AFAA2C6-E025-4B45-B96F-A27D04C6115A}.Release|Win32.ActiveCfg = Release|Win32
		{8AFAA2C6-E025-4B45-B96F-A27D04C6115A}.Release|Win32.Build.0 = Release|Win32
		{8AFAA2C6-E025-4B45-B96F-A27D04C6115A}.VSDebug|Win32.ActiveCfg = VSDebug|Win32
		{8AFAA2C6-E025-4B45-B96F-A27D04C6115A}.VSDebug|Win32.Build.0 = VSDebug|Win32
		{3FFB9C05-1145-45A7-9ADE-5C8D70FBD7CA}.Release|Win32.ActiveCfg = Release|Win32
		{3FFB9C05-1145-45A7-9ADE-5C8D70FBD7CA}.Release|Win32.Build.0 = Release|Win32
		{3FFB9C05-1145-45A7-9ADE-5C8D70FBD7CA}.VSDebug|Win32.ActiveCfg = VSDebug|Win32
		{3FFB9C05-1145-45A7-9ADE-5C8D70FBD7CA}.VSDebug|Win32.Build.0 = VSDebug|Win32
		{BC27FF34-C859-4A1A-95D6-FC89952E1910}.Release|Win32.ActiveCfg = Release|Win32
		{BC27FF34-C859-4A1A-95D6-FC89952E1910}.Release|Win32.Build.0 = Release|Win32
		{BC27FF34-C859-4A1A-95D6-FC89952E1910}.VSDebug|Win32.ActiveCfg = VSDebug|Win32
		{BC27FF34-C859-4A1A-95D6-FC89952E1910}.VSDebug|Win32.Build.0 = VSDebug|Win32
		{85005D62-6AA7-4D8A-86CB-4061B23D7C6C}.Release|Win32.ActiveCfg = Release|Win32
		{85005D62-6AA7-4D8A-86CB-4061B23D7C6C}.Release|Win32.Build.0 = Release|Win32
		{85005D62-6AA7-4D8A-86CB-4061B23D7C6C}.VSDebug|Win32.ActiveCfg = VSDebug|Win32
		{85005D62-6AA7-4D8A-86CB-4061B23D7C6C}.VSDebug|Win32.Build.0 = VSDebug|Win32
		{BD3A95FA-A3DE-4B79-A889-A7E5ECA4B69C}.Release|Win32.ActiveCfg = Release|Win32
		{BD3A95FA-A3DE-4B79-A889-A7E5ECA4B69C}.Release|Win32.Build.0 = Release|Win32
		{BD3A95FA-A3DE-4B79-A889-A7E5ECA4B69C}.VSDebug|Win32.ActiveCfg = VSDebug|Win32
		{BD3A95FA-A3DE-4B79-A889-A7E5ECA4B69C}.VSDebug|Win32.Build.0 = VSDebug|Win32
		{5304AD69-D449-4589-B2C9-E4607E56A51D}.Release|Win32.ActiveCfg = Release|Win32
		{5304AD69-D449-4589-B2C9-E4607E56A51D}.Release|Win32.Build.0 = Release|Win32
		{5304AD69-D449-4589-B2C9-E4607E56A51D}.VSDebug|Win32.ActiveCfg = VSDebug|Win32
		{5304AD69-D449-4589-B2C9-E4607E56A51D}.VSDebug|Win32.Build.0 = VSDebug|Win32
		{6B758D1D-FE05-49C6-836B-9B8AC8DC4FCD}.Release|Win32.ActiveCfg = Release|Win32
		{6B758D1D-FE05-49C6-836B-9B8AC8DC4FCD}.Release|Win32.Build.0 = Release|Win32
		{6B758D1D-FE05-49C6-836B-9B8AC8DC4FCD}.VSDebug|Win32.ActiveCfg = VSDebug|Win32
		{6B758D1D-FE05-49C6-836B-9B8AC8DC4FCD}.VSDebug|Win32.Build.0 = VSDebug|Win32
		{A7545354-5D50-49F6-A3D0-1F97F6228955}.Release|Win32.ActiveCfg = Release|Win32
		{A7545354-5D50-49F6-A3D0-1F97F6228955}.Release|Win32.Build.0 = Release|Win32
		{A7545354-5D50-49F6-A3D0-1F97F6228955}.VSDebug|Win32.ActiveCfg = VSDebug|Win32
		{A7545354-5D50-49F6-A3D0-1F97F6228955}.VSDebug|Win32.Build.0 = VSDebug|Win32
		{0555E856-7514-4211-A6E9-DF6A43C04023}.Release|Win32.ActiveCfg = Release|Win32
		{0555E856-7514-4211-A6E9-DF6A43C04023}.Release|Win32.Build.0 = Release|Win32
		{0555E856-7514-4211-A6E9-DF6A43C04023}.VSDebug|Win32.ActiveCfg = VSDebug|Win32
		{0555E856-7514-4211-A6E9-DF6A43C04023}.VSDebug|Win32.Build.0 = VSDebug|Win32
		{B9332DC8-7594-47DF-80C1-38922E0F4DFB}.Release|Win32.ActiveCfg = Release|Win32
		{B9332DC8-7594-47DF-80C1-38922E0F4DFB}.Release|Win32.Build.0 = Release|Win32
		{B9332DC8-7594-47DF-80C1-38922E0F4DFB}.VSDebug|Win32.ActiveCfg = VSDebug|Win32
		{B9332DC8-7594-47DF-80C1-38922E0F4DFB}.VSDebug|Win32.Build.0 = VSDebug|Win32
		{B86FB73A-4ACC-42DE-9545-586D93955B06}.Release|Win32.ActiveCfg = Release|Win32
		{B86FB73A-4ACC-42DE-9545-586D93955B06}.Release|Win32.Build.0 = Release|Win32
		{B86FB73A-4ACC-42DE-9545-586D93955B06}.VSDebug|Win32.ActiveCfg = VSDebug|Win32
		{B86FB73A-4ACC-42DE-9545-586D93955B06}.VSDebug|Win32.Build.0 = VSDebug|Win32
		{BDE8F593-3657-4F76-A3DF-28CA30438464}.Release|Win32.ActiveCfg = Release|Win32
		{BDE8F593-3657-4F76-A3DF-28CA30438464}.Release|Win32.Build.0 = Release|Win32
		{BDE8F593-3657-4F76-A3DF-28CA30438464}.VSDebug|Win32.ActiveCfg = VSDebug|Win32
		{BDE8F593-3657-4F76-A3DF-28CA30438464}.VSDebug|Win32.Build.0 = VSDebug|Win32
	EndGlobalSection
	GlobalSection(SolutionProperties) = preSolution
		HideSolutionNode = FALSE
	EndGlobalSection
EndGlobal
